
Microsoft Visual Studio Solution File, Format Version 12.00
# Visual Studio Express 2013 for Windows Desktop
VisualStudioVersion = 12.0.30501.0
MinimumVisualStudioVersion = 10.0.40219.1
Project("{FAE04EC0-301F-11D3-BF4B-00C04F79EFBC}") = "RxCanvas", "RxCanvas.csproj", "{25EDC1D3-F943-465D-BCE3-5EAF110FE68F}"
EndProject
Project("{FAE04EC0-301F-11D3-BF4B-00C04F79EFBC}") = "RxCanvas.WinForms", "RxCanvas.WinForms\RxCanvas.WinForms.csproj", "{E10EC08B-B037-41B9-9F29-D3299990B298}"
EndProject
Project("{FAE04EC0-301F-11D3-BF4B-00C04F79EFBC}") = "RxCanvas.Shared", "RxCanvas.Shared\RxCanvas.Shared.csproj", "{BFC8B726-F060-4582-BC73-6463323C403F}"
EndProject
Global
	GlobalSection(SolutionConfigurationPlatforms) = preSolution
		Debug|Any CPU = Debug|Any CPU
		Release|Any CPU = Release|Any CPU
	EndGlobalSection
	GlobalSection(ProjectConfigurationPlatforms) = postSolution
		{25EDC1D3-F943-465D-BCE3-5EAF110FE68F}.Debug|Any CPU.ActiveCfg = Debug|Any CPU
		{25EDC1D3-F943-465D-BCE3-5EAF110FE68F}.Debug|Any CPU.Build.0 = Debug|Any CPU
		{25EDC1D3-F943-465D-BCE3-5EAF110FE68F}.Release|Any CPU.ActiveCfg = Release|Any CPU
		{25EDC1D3-F943-465D-BCE3-5EAF110FE68F}.Release|Any CPU.Build.0 = Release|Any CPU
		{E10EC08B-B037-41B9-9F29-D3299990B298}.Debug|Any CPU.ActiveCfg = Debug|Any CPU
		{E10EC08B-B037-41B9-9F29-D3299990B298}.Debug|Any CPU.Build.0 = Debug|Any CPU
		{E10EC08B-B037-41B9-9F29-D3299990B298}.Release|Any CPU.ActiveCfg = Release|Any CPU
		{E10EC08B-B037-41B9-9F29-D3299990B298}.Release|Any CPU.Build.0 = Release|Any CPU
		{BFC8B726-F060-4582-BC73-6463323C403F}.Debug|Any CPU.ActiveCfg = Debug|Any CPU
		{BFC8B726-F060-4582-BC73-6463323C403F}.Debug|Any CPU.Build.0 = Debug|Any CPU
		{BFC8B726-F060-4582-BC73-6463323C403F}.Release|Any CPU.ActiveCfg = Release|Any CPU
		{BFC8B726-F060-4582-BC73-6463323C403F}.Release|Any CPU.Build.0 = Release|Any CPU
	EndGlobalSection
	GlobalSection(SolutionProperties) = preSolution
		HideSolutionNode = FALSE
	EndGlobalSection
EndGlobal
